// !$*UTF8*$!
{
	archiveVersion = 1;
	classes = {
	};
	objectVersion = 50;
	objects = {

/* Begin PBXBuildFile section */
		EF02E40224C3DAA900901236 /* KeyboardNotifier.swift in Sources */ = {isa = PBXBuildFile; fileRef = EF6C3B1024C3BBC8002A99C9 /* KeyboardNotifier.swift */; };
		EF02E40324C3DAB300901236 /* TimezoneAPI.swift in Sources */ = {isa = PBXBuildFile; fileRef = EFF8A47524C14401005D5A0E /* TimezoneAPI.swift */; };
		EF6C3AF924C171F3002A99C9 /* LocationData.swift in Sources */ = {isa = PBXBuildFile; fileRef = EF6C3AF824C171F3002A99C9 /* LocationData.swift */; };
		EF6C3AFA24C171F3002A99C9 /* LocationData.swift in Sources */ = {isa = PBXBuildFile; fileRef = EF6C3AF824C171F3002A99C9 /* LocationData.swift */; };
		EF6C3AFC24C18D73002A99C9 /* ViewModel.swift in Sources */ = {isa = PBXBuildFile; fileRef = EF6C3AFB24C18D73002A99C9 /* ViewModel.swift */; };
		EF6C3AFE24C22684002A99C9 /* ViewModelTests.swift in Sources */ = {isa = PBXBuildFile; fileRef = EF6C3AFD24C22684002A99C9 /* ViewModelTests.swift */; };
		EF6C3B0A24C2977D002A99C9 /* CountDownData.swift in Sources */ = {isa = PBXBuildFile; fileRef = EF6C3B0924C2977D002A99C9 /* CountDownData.swift */; };
		EF6C3B0B24C2977D002A99C9 /* CountDownData.swift in Sources */ = {isa = PBXBuildFile; fileRef = EF6C3B0924C2977D002A99C9 /* CountDownData.swift */; };
		EF6C3B0C24C38349002A99C9 /* ViewModel.swift in Sources */ = {isa = PBXBuildFile; fileRef = EF6C3AFB24C18D73002A99C9 /* ViewModel.swift */; };
		EF6C3B1124C3BBC8002A99C9 /* KeyboardNotifier.swift in Sources */ = {isa = PBXBuildFile; fileRef = EF6C3B1024C3BBC8002A99C9 /* KeyboardNotifier.swift */; };
		EF6C3B1524C3CFC1002A99C9 /* ViewController.swift in Sources */ = {isa = PBXBuildFile; fileRef = EFF8A44824C14346005D5A0E /* ViewController.swift */; };
		EFF8A44524C14346005D5A0E /* AppDelegate.swift in Sources */ = {isa = PBXBuildFile; fileRef = EFF8A44424C14346005D5A0E /* AppDelegate.swift */; };
		EFF8A44724C14346005D5A0E /* SceneDelegate.swift in Sources */ = {isa = PBXBuildFile; fileRef = EFF8A44624C14346005D5A0E /* SceneDelegate.swift */; };
		EFF8A44924C14346005D5A0E /* ViewController.swift in Sources */ = {isa = PBXBuildFile; fileRef = EFF8A44824C14346005D5A0E /* ViewController.swift */; };
		EFF8A44C24C14346005D5A0E /* Main.storyboard in Resources */ = {isa = PBXBuildFile; fileRef = EFF8A44A24C14346005D5A0E /* Main.storyboard */; };
		EFF8A44E24C14348005D5A0E /* Assets.xcassets in Resources */ = {isa = PBXBuildFile; fileRef = EFF8A44D24C14348005D5A0E /* Assets.xcassets */; };
		EFF8A45124C14348005D5A0E /* LaunchScreen.storyboard in Resources */ = {isa = PBXBuildFile; fileRef = EFF8A44F24C14348005D5A0E /* LaunchScreen.storyboard */; };
		EFF8A47624C14401005D5A0E /* TimezoneAPI.swift in Sources */ = {isa = PBXBuildFile; fileRef = EFF8A47524C14401005D5A0E /* TimezoneAPI.swift */; };
		EFF8A47924C14E13005D5A0E /* TimezoneAPITests.swift in Sources */ = {isa = PBXBuildFile; fileRef = EFF8A47824C14E13005D5A0E /* TimezoneAPITests.swift */; };
		EFF8A47C24C1501D005D5A0E /* New_Years_CountdownUITests.swift in Sources */ = {isa = PBXBuildFile; fileRef = EFF8A47B24C1501D005D5A0E /* New_Years_CountdownUITests.swift */; };
		EFF8A47E24C15048005D5A0E /* New_Years_CountdownTests.swift in Sources */ = {isa = PBXBuildFile; fileRef = EFF8A47D24C15048005D5A0E /* New_Years_CountdownTests.swift */; };
/* End PBXBuildFile section */

/* Begin PBXContainerItemProxy section */
		EFF8A45824C14348005D5A0E /* PBXContainerItemProxy */ = {
			isa = PBXContainerItemProxy;
			containerPortal = EFF8A43924C14346005D5A0E /* Project object */;
			proxyType = 1;
			remoteGlobalIDString = EFF8A44024C14346005D5A0E;
			remoteInfo = "New Years Countdown";
		};
		EFF8A46324C14348005D5A0E /* PBXContainerItemProxy */ = {
			isa = PBXContainerItemProxy;
			containerPortal = EFF8A43924C14346005D5A0E /* Project object */;
			proxyType = 1;
			remoteGlobalIDString = EFF8A44024C14346005D5A0E;
			remoteInfo = "New Years Countdown";
		};
/* End PBXContainerItemProxy section */

/* Begin PBXFileReference section */
		EF6C3AF824C171F3002A99C9 /* LocationData.swift */ = {isa = PBXFileReference; lastKnownFileType = sourcecode.swift; path = LocationData.swift; sourceTree = "<group>"; };
		EF6C3AFB24C18D73002A99C9 /* ViewModel.swift */ = {isa = PBXFileReference; lastKnownFileType = sourcecode.swift; path = ViewModel.swift; sourceTree = "<group>"; };
		EF6C3AFD24C22684002A99C9 /* ViewModelTests.swift */ = {isa = PBXFileReference; lastKnownFileType = sourcecode.swift; path = ViewModelTests.swift; sourceTree = "<group>"; };
		EF6C3B0924C2977D002A99C9 /* CountDownData.swift */ = {isa = PBXFileReference; lastKnownFileType = sourcecode.swift; path = CountDownData.swift; sourceTree = "<group>"; };
		EF6C3B1024C3BBC8002A99C9 /* KeyboardNotifier.swift */ = {isa = PBXFileReference; lastKnownFileType = sourcecode.swift; path = KeyboardNotifier.swift; sourceTree = "<group>"; };
		EFF8A44124C14346005D5A0E /* New Years Countdown.app */ = {isa = PBXFileReference; explicitFileType = wrapper.application; includeInIndex = 0; path = "New Years Countdown.app"; sourceTree = BUILT_PRODUCTS_DIR; };
		EFF8A44424C14346005D5A0E /* AppDelegate.swift */ = {isa = PBXFileReference; lastKnownFileType = sourcecode.swift; path = AppDelegate.swift; sourceTree = "<group>"; };
		EFF8A44624C14346005D5A0E /* SceneDelegate.swift */ = {isa = PBXFileReference; lastKnownFileType = sourcecode.swift; path = SceneDelegate.swift; sourceTree = "<group>"; };
		EFF8A44824C14346005D5A0E /* ViewController.swift */ = {isa = PBXFileReference; lastKnownFileType = sourcecode.swift; path = ViewController.swift; sourceTree = "<group>"; };
		EFF8A44B24C14346005D5A0E /* Base */ = {isa = PBXFileReference; lastKnownFileType = file.storyboard; name = Base; path = Base.lproj/Main.storyboard; sourceTree = "<group>"; };
		EFF8A44D24C14348005D5A0E /* Assets.xcassets */ = {isa = PBXFileReference; lastKnownFileType = folder.assetcatalog; path = Assets.xcassets; sourceTree = "<group>"; };
		EFF8A45024C14348005D5A0E /* Base */ = {isa = PBXFileReference; lastKnownFileType = file.storyboard; name = Base; path = Base.lproj/LaunchScreen.storyboard; sourceTree = "<group>"; };
		EFF8A45224C14348005D5A0E /* Info.plist */ = {isa = PBXFileReference; lastKnownFileType = text.plist.xml; path = Info.plist; sourceTree = "<group>"; };
		EFF8A45724C14348005D5A0E /* New Years CountdownTests.xctest */ = {isa = PBXFileReference; explicitFileType = wrapper.cfbundle; includeInIndex = 0; path = "New Years CountdownTests.xctest"; sourceTree = BUILT_PRODUCTS_DIR; };
		EFF8A45D24C14348005D5A0E /* Info.plist */ = {isa = PBXFileReference; lastKnownFileType = text.plist.xml; path = Info.plist; sourceTree = "<group>"; };
		EFF8A46224C14348005D5A0E /* New Years CountdownUITests.xctest */ = {isa = PBXFileReference; explicitFileType = wrapper.cfbundle; includeInIndex = 0; path = "New Years CountdownUITests.xctest"; sourceTree = BUILT_PRODUCTS_DIR; };
		EFF8A46824C14348005D5A0E /* Info.plist */ = {isa = PBXFileReference; lastKnownFileType = text.plist.xml; path = Info.plist; sourceTree = "<group>"; };
		EFF8A47524C14401005D5A0E /* TimezoneAPI.swift */ = {isa = PBXFileReference; lastKnownFileType = sourcecode.swift; path = TimezoneAPI.swift; sourceTree = "<group>"; };
		EFF8A47824C14E13005D5A0E /* TimezoneAPITests.swift */ = {isa = PBXFileReference; lastKnownFileType = sourcecode.swift; path = TimezoneAPITests.swift; sourceTree = "<group>"; };
		EFF8A47B24C1501D005D5A0E /* New_Years_CountdownUITests.swift */ = {isa = PBXFileReference; fileEncoding = 4; lastKnownFileType = sourcecode.swift; path = New_Years_CountdownUITests.swift; sourceTree = "<group>"; };
		EFF8A47D24C15048005D5A0E /* New_Years_CountdownTests.swift */ = {isa = PBXFileReference; fileEncoding = 4; lastKnownFileType = sourcecode.swift; path = New_Years_CountdownTests.swift; sourceTree = "<group>"; };
/* End PBXFileReference section */

/* Begin PBXFrameworksBuildPhase section */
		EFF8A43E24C14346005D5A0E /* Frameworks */ = {
			isa = PBXFrameworksBuildPhase;
			buildActionMask = 2147483647;
			files = (
			);
			runOnlyForDeploymentPostprocessing = 0;
		};
		EFF8A45424C14348005D5A0E /* Frameworks */ = {
			isa = PBXFrameworksBuildPhase;
			buildActionMask = 2147483647;
			files = (
			);
			runOnlyForDeploymentPostprocessing = 0;
		};
		EFF8A45F24C14348005D5A0E /* Frameworks */ = {
			isa = PBXFrameworksBuildPhase;
			buildActionMask = 2147483647;
			files = (
			);
			runOnlyForDeploymentPostprocessing = 0;
		};
/* End PBXFrameworksBuildPhase section */

/* Begin PBXGroup section */
		EF6C3B1224C3CF70002A99C9 /* Views */ = {
			isa = PBXGroup;
			children = (
				EFF8A44824C14346005D5A0E /* ViewController.swift */,
			);
			path = Views;
			sourceTree = "<group>";
		};
		EF6C3B1324C3CF8E002A99C9 /* Data Models */ = {
			isa = PBXGroup;
			children = (
				EF6C3B0924C2977D002A99C9 /* CountDownData.swift */,
				EF6C3AF824C171F3002A99C9 /* LocationData.swift */,
			);
			path = "Data Models";
			sourceTree = "<group>";
		};
		EF6C3B1424C3CFB0002A99C9 /* View Models */ = {
			isa = PBXGroup;
			children = (
				EF6C3AFB24C18D73002A99C9 /* ViewModel.swift */,
			);
			path = "View Models";
			sourceTree = "<group>";
		};
		EF6C3B1624C3CFE5002A99C9 /* Utilities */ = {
			isa = PBXGroup;
			children = (
				EF6C3B1024C3BBC8002A99C9 /* KeyboardNotifier.swift */,
			);
			path = Utilities;
			sourceTree = "<group>";
		};
		EFF8A43824C14346005D5A0E = {
			isa = PBXGroup;
			children = (
				EFF8A44324C14346005D5A0E /* New Years Countdown */,
				EFF8A45A24C14348005D5A0E /* New Years CountdownTests */,
				EFF8A46524C14348005D5A0E /* New Years CountdownUITests */,
				EFF8A44224C14346005D5A0E /* Products */,
			);
			sourceTree = "<group>";
		};
		EFF8A44224C14346005D5A0E /* Products */ = {
			isa = PBXGroup;
			children = (
				EFF8A44124C14346005D5A0E /* New Years Countdown.app */,
				EFF8A45724C14348005D5A0E /* New Years CountdownTests.xctest */,
				EFF8A46224C14348005D5A0E /* New Years CountdownUITests.xctest */,
			);
			name = Products;
			sourceTree = "<group>";
		};
		EFF8A44324C14346005D5A0E /* New Years Countdown */ = {
			isa = PBXGroup;
			children = (
				EFF8A44424C14346005D5A0E /* AppDelegate.swift */,
				EFF8A44624C14346005D5A0E /* SceneDelegate.swift */,
				EFF8A47524C14401005D5A0E /* TimezoneAPI.swift */,
				EF6C3B1324C3CF8E002A99C9 /* Data Models */,
				EF6C3B1224C3CF70002A99C9 /* Views */,
				EF6C3B1424C3CFB0002A99C9 /* View Models */,
				EF6C3B1624C3CFE5002A99C9 /* Utilities */,
				EFF8A44A24C14346005D5A0E /* Main.storyboard */,
				EFF8A44D24C14348005D5A0E /* Assets.xcassets */,
				EFF8A44F24C14348005D5A0E /* LaunchScreen.storyboard */,
				EFF8A45224C14348005D5A0E /* Info.plist */,
			);
			path = "New Years Countdown";
			sourceTree = "<group>";
		};
		EFF8A45A24C14348005D5A0E /* New Years CountdownTests */ = {
			isa = PBXGroup;
			children = (
				EFF8A47D24C15048005D5A0E /* New_Years_CountdownTests.swift */,
				EFF8A47824C14E13005D5A0E /* TimezoneAPITests.swift */,
				EF6C3AFD24C22684002A99C9 /* ViewModelTests.swift */,
				EFF8A45D24C14348005D5A0E /* Info.plist */,
			);
			path = "New Years CountdownTests";
			sourceTree = "<group>";
		};
		EFF8A46524C14348005D5A0E /* New Years CountdownUITests */ = {
			isa = PBXGroup;
			children = (
				EFF8A47B24C1501D005D5A0E /* New_Years_CountdownUITests.swift */,
				EFF8A46824C14348005D5A0E /* Info.plist */,
			);
			path = "New Years CountdownUITests";
			sourceTree = "<group>";
		};
/* End PBXGroup section */

/* Begin PBXNativeTarget section */
		EFF8A44024C14346005D5A0E /* New Years Countdown */ = {
			isa = PBXNativeTarget;
			buildConfigurationList = EFF8A46B24C14348005D5A0E /* Build configuration list for PBXNativeTarget "New Years Countdown" */;
			buildPhases = (
				EFF8A43D24C14346005D5A0E /* Sources */,
				EFF8A43E24C14346005D5A0E /* Frameworks */,
				EFF8A43F24C14346005D5A0E /* Resources */,
			);
			buildRules = (
			);
			dependencies = (
			);
			name = "New Years Countdown";
			productName = "New Years Countdown";
			productReference = EFF8A44124C14346005D5A0E /* New Years Countdown.app */;
			productType = "com.apple.product-type.application";
		};
		EFF8A45624C14348005D5A0E /* New Years CountdownTests */ = {
			isa = PBXNativeTarget;
			buildConfigurationList = EFF8A46E24C14348005D5A0E /* Build configuration list for PBXNativeTarget "New Years CountdownTests" */;
			buildPhases = (
				EFF8A45324C14348005D5A0E /* Sources */,
				EFF8A45424C14348005D5A0E /* Frameworks */,
				EFF8A45524C14348005D5A0E /* Resources */,
			);
			buildRules = (
			);
			dependencies = (
				EFF8A45924C14348005D5A0E /* PBXTargetDependency */,
			);
			name = "New Years CountdownTests";
			productName = "New Years CountdownTests";
			productReference = EFF8A45724C14348005D5A0E /* New Years CountdownTests.xctest */;
			productType = "com.apple.product-type.bundle.unit-test";
		};
		EFF8A46124C14348005D5A0E /* New Years CountdownUITests */ = {
			isa = PBXNativeTarget;
			buildConfigurationList = EFF8A47124C14348005D5A0E /* Build configuration list for PBXNativeTarget "New Years CountdownUITests" */;
			buildPhases = (
				EFF8A45E24C14348005D5A0E /* Sources */,
				EFF8A45F24C14348005D5A0E /* Frameworks */,
				EFF8A46024C14348005D5A0E /* Resources */,
			);
			buildRules = (
			);
			dependencies = (
				EFF8A46424C14348005D5A0E /* PBXTargetDependency */,
			);
			name = "New Years CountdownUITests";
			productName = "New Years CountdownUITests";
			productReference = EFF8A46224C14348005D5A0E /* New Years CountdownUITests.xctest */;
			productType = "com.apple.product-type.bundle.ui-testing";
		};
/* End PBXNativeTarget section */

/* Begin PBXProject section */
		EFF8A43924C14346005D5A0E /* Project object */ = {
			isa = PBXProject;
			attributes = {
				LastSwiftUpdateCheck = 1160;
				LastUpgradeCheck = 1160;
				ORGANIZATIONNAME = "Joshua Fredrickson";
				TargetAttributes = {
					EFF8A44024C14346005D5A0E = {
						CreatedOnToolsVersion = 11.6;
					};
					EFF8A45624C14348005D5A0E = {
						CreatedOnToolsVersion = 11.6;
						TestTargetID = EFF8A44024C14346005D5A0E;
					};
					EFF8A46124C14348005D5A0E = {
						CreatedOnToolsVersion = 11.6;
						LastSwiftMigration = 1160;
						TestTargetID = EFF8A44024C14346005D5A0E;
					};
				};
			};
			buildConfigurationList = EFF8A43C24C14346005D5A0E /* Build configuration list for PBXProject "New Years Countdown" */;
			compatibilityVersion = "Xcode 9.3";
			developmentRegion = en;
			hasScannedForEncodings = 0;
			knownRegions = (
				en,
				Base,
			);
			mainGroup = EFF8A43824C14346005D5A0E;
			productRefGroup = EFF8A44224C14346005D5A0E /* Products */;
			projectDirPath = "";
			projectRoot = "";
			targets = (
				EFF8A44024C14346005D5A0E /* New Years Countdown */,
				EFF8A45624C14348005D5A0E /* New Years CountdownTests */,
				EFF8A46124C14348005D5A0E /* New Years CountdownUITests */,
			);
		};
/* End PBXProject section */

/* Begin PBXResourcesBuildPhase section */
		EFF8A43F24C14346005D5A0E /* Resources */ = {
			isa = PBXResourcesBuildPhase;
			buildActionMask = 2147483647;
			files = (
				EFF8A45124C14348005D5A0E /* LaunchScreen.storyboard in Resources */,
				EFF8A44E24C14348005D5A0E /* Assets.xcassets in Resources */,
				EFF8A44C24C14346005D5A0E /* Main.storyboard in Resources */,
			);
			runOnlyForDeploymentPostprocessing = 0;
		};
		EFF8A45524C14348005D5A0E /* Resources */ = {
			isa = PBXResourcesBuildPhase;
			buildActionMask = 2147483647;
			files = (
			);
			runOnlyForDeploymentPostprocessing = 0;
		};
		EFF8A46024C14348005D5A0E /* Resources */ = {
			isa = PBXResourcesBuildPhase;
			buildActionMask = 2147483647;
			files = (
			);
			runOnlyForDeploymentPostprocessing = 0;
		};
/* End PBXResourcesBuildPhase section */

/* Begin PBXSourcesBuildPhase section */
		EFF8A43D24C14346005D5A0E /* Sources */ = {
			isa = PBXSourcesBuildPhase;
			buildActionMask = 2147483647;
			files = (
				EFF8A44924C14346005D5A0E /* ViewController.swift in Sources */,
				EF6C3B0A24C2977D002A99C9 /* CountDownData.swift in Sources */,
				EFF8A47624C14401005D5A0E /* TimezoneAPI.swift in Sources */,
				EF6C3B1124C3BBC8002A99C9 /* KeyboardNotifier.swift in Sources */,
				EFF8A44524C14346005D5A0E /* AppDelegate.swift in Sources */,
				EFF8A44724C14346005D5A0E /* SceneDelegate.swift in Sources */,
				EF6C3AFC24C18D73002A99C9 /* ViewModel.swift in Sources */,
				EF6C3AF924C171F3002A99C9 /* LocationData.swift in Sources */,
			);
			runOnlyForDeploymentPostprocessing = 0;
		};
		EFF8A45324C14348005D5A0E /* Sources */ = {
			isa = PBXSourcesBuildPhase;
			buildActionMask = 2147483647;
			files = (
				EF6C3AFA24C171F3002A99C9 /* LocationData.swift in Sources */,
				EF6C3B0B24C2977D002A99C9 /* CountDownData.swift in Sources */,
				EF02E40224C3DAA900901236 /* KeyboardNotifier.swift in Sources */,
				EFF8A47924C14E13005D5A0E /* TimezoneAPITests.swift in Sources */,
				EF6C3AFE24C22684002A99C9 /* ViewModelTests.swift in Sources */,
				EFF8A47E24C15048005D5A0E /* New_Years_CountdownTests.swift in Sources */,
				EF6C3B1524C3CFC1002A99C9 /* ViewController.swift in Sources */,
				EF6C3B0C24C38349002A99C9 /* ViewModel.swift in Sources */,
				EF02E40324C3DAB300901236 /* TimezoneAPI.swift in Sources */,
			);
			runOnlyForDeploymentPostprocessing = 0;
		};
		EFF8A45E24C14348005D5A0E /* Sources */ = {
			isa = PBXSourcesBuildPhase;
			buildActionMask = 2147483647;
			files = (
				EFF8A47C24C1501D005D5A0E /* New_Years_CountdownUITests.swift in Sources */,
			);
			runOnlyForDeploymentPostprocessing = 0;
		};
/* End PBXSourcesBuildPhase section */

/* Begin PBXTargetDependency section */
		EFF8A45924C14348005D5A0E /* PBXTargetDependency */ = {
			isa = PBXTargetDependency;
			target = EFF8A44024C14346005D5A0E /* New Years Countdown */;
			targetProxy = EFF8A45824C14348005D5A0E /* PBXContainerItemProxy */;
		};
		EFF8A46424C14348005D5A0E /* PBXTargetDependency */ = {
			isa = PBXTargetDependency;
			target = EFF8A44024C14346005D5A0E /* New Years Countdown */;
			targetProxy = EFF8A46324C14348005D5A0E /* PBXContainerItemProxy */;
		};
/* End PBXTargetDependency section */

/* Begin PBXVariantGroup section */
		EFF8A44A24C14346005D5A0E /* Main.storyboard */ = {
			isa = PBXVariantGroup;
			children = (
				EFF8A44B24C14346005D5A0E /* Base */,
			);
			name = Main.storyboard;
			sourceTree = "<group>";
		};
		EFF8A44F24C14348005D5A0E /* LaunchScreen.storyboard */ = {
			isa = PBXVariantGroup;
			children = (
				EFF8A45024C14348005D5A0E /* Base */,
			);
			name = LaunchScreen.storyboard;
			sourceTree = "<group>";
		};
/* End PBXVariantGroup section */

/* Begin XCBuildConfiguration section */
		EFF8A46924C14348005D5A0E /* Debug */ = {
			isa = XCBuildConfiguration;
			buildSettings = {
				ALWAYS_SEARCH_USER_PATHS = NO;
				CLANG_ANALYZER_NONNULL = YES;
				CLANG_ANALYZER_NUMBER_OBJECT_CONVERSION = YES_AGGRESSIVE;
				CLANG_CXX_LANGUAGE_STANDARD = "gnu++14";
				CLANG_CXX_LIBRARY = "libc++";
				CLANG_ENABLE_MODULES = YES;
				CLANG_ENABLE_OBJC_ARC = YES;
				CLANG_ENABLE_OBJC_WEAK = YES;
				CLANG_WARN_BLOCK_CAPTURE_AUTORELEASING = YES;
				CLANG_WARN_BOOL_CONVERSION = YES;
				CLANG_WARN_COMMA = YES;
				CLANG_WARN_CONSTANT_CONVERSION = YES;
				CLANG_WARN_DEPRECATED_OBJC_IMPLEMENTATIONS = YES;
				CLANG_WARN_DIRECT_OBJC_ISA_USAGE = YES_ERROR;
				CLANG_WARN_DOCUMENTATION_COMMENTS = YES;
				CLANG_WARN_EMPTY_BODY = YES;
				CLANG_WARN_ENUM_CONVERSION = YES;
				CLANG_WARN_INFINITE_RECURSION = YES;
				CLANG_WARN_INT_CONVERSION = YES;
				CLANG_WARN_NON_LITERAL_NULL_CONVERSION = YES;
				CLANG_WARN_OBJC_IMPLICIT_RETAIN_SELF = YES;
				CLANG_WARN_OBJC_LITERAL_CONVERSION = YES;
				CLANG_WARN_OBJC_ROOT_CLASS = YES_ERROR;
				CLANG_WARN_RANGE_LOOP_ANALYSIS = YES;
				CLANG_WARN_STRICT_PROTOTYPES = YES;
				CLANG_WARN_SUSPICIOUS_MOVE = YES;
				CLANG_WARN_UNGUARDED_AVAILABILITY = YES_AGGRESSIVE;
				CLANG_WARN_UNREACHABLE_CODE = YES;
				CLANG_WARN__DUPLICATE_METHOD_MATCH = YES;
				COPY_PHASE_STRIP = NO;
				DEBUG_INFORMATION_FORMAT = dwarf;
				ENABLE_STRICT_OBJC_MSGSEND = YES;
				ENABLE_TESTABILITY = YES;
				GCC_C_LANGUAGE_STANDARD = gnu11;
				GCC_DYNAMIC_NO_PIC = NO;
				GCC_NO_COMMON_BLOCKS = YES;
				GCC_OPTIMIZATION_LEVEL = 0;
				GCC_PREPROCESSOR_DEFINITIONS = (
					"DEBUG=1",
					"$(inherited)",
				);
				GCC_WARN_64_TO_32_BIT_CONVERSION = YES;
				GCC_WARN_ABOUT_RETURN_TYPE = YES_ERROR;
				GCC_WARN_UNDECLARED_SELECTOR = YES;
				GCC_WARN_UNINITIALIZED_AUTOS = YES_AGGRESSIVE;
				GCC_WARN_UNUSED_FUNCTION = YES;
				GCC_WARN_UNUSED_VARIABLE = YES;
				IPHONEOS_DEPLOYMENT_TARGET = 12.4;
				MTL_ENABLE_DEBUG_INFO = INCLUDE_SOURCE;
				MTL_FAST_MATH = YES;
				ONLY_ACTIVE_ARCH = YES;
				SDKROOT = iphoneos;
				SWIFT_ACTIVE_COMPILATION_CONDITIONS = DEBUG;
				SWIFT_OPTIMIZATION_LEVEL = "-Onone";
			};
			name = Debug;
		};
		EFF8A46A24C14348005D5A0E /* Release */ = {
			isa = XCBuildConfiguration;
			buildSettings = {
				ALWAYS_SEARCH_USER_PATHS = NO;
				CLANG_ANALYZER_NONNULL = YES;
				CLANG_ANALYZER_NUMBER_OBJECT_CONVERSION = YES_AGGRESSIVE;
				CLANG_CXX_LANGUAGE_STANDARD = "gnu++14";
				CLANG_CXX_LIBRARY = "libc++";
				CLANG_ENABLE_MODULES = YES;
				CLANG_ENABLE_OBJC_ARC = YES;
				CLANG_ENABLE_OBJC_WEAK = YES;
				CLANG_WARN_BLOCK_CAPTURE_AUTORELEASING = YES;
				CLANG_WARN_BOOL_CONVERSION = YES;
				CLANG_WARN_COMMA = YES;
				CLANG_WARN_CONSTANT_CONVERSION = YES;
				CLANG_WARN_DEPRECATED_OBJC_IMPLEMENTATIONS = YES;
				CLANG_WARN_DIRECT_OBJC_ISA_USAGE = YES_ERROR;
				CLANG_WARN_DOCUMENTATION_COMMENTS = YES;
				CLANG_WARN_EMPTY_BODY = YES;
				CLANG_WARN_ENUM_CONVERSION = YES;
				CLANG_WARN_INFINITE_RECURSION = YES;
				CLANG_WARN_INT_CONVERSION = YES;
				CLANG_WARN_NON_LITERAL_NULL_CONVERSION = YES;
				CLANG_WARN_OBJC_IMPLICIT_RETAIN_SELF = YES;
				CLANG_WARN_OBJC_LITERAL_CONVERSION = YES;
				CLANG_WARN_OBJC_ROOT_CLASS = YES_ERROR;
				CLANG_WARN_RANGE_LOOP_ANALYSIS = YES;
				CLANG_WARN_STRICT_PROTOTYPES = YES;
				CLANG_WARN_SUSPICIOUS_MOVE = YES;
				CLANG_WARN_UNGUARDED_AVAILABILITY = YES_AGGRESSIVE;
				CLANG_WARN_UNREACHABLE_CODE = YES;
				CLANG_WARN__DUPLICATE_METHOD_MATCH = YES;
				COPY_PHASE_STRIP = NO;
				DEBUG_INFORMATION_FORMAT = "dwarf-with-dsym";
				ENABLE_NS_ASSERTIONS = NO;
				ENABLE_STRICT_OBJC_MSGSEND = YES;
				GCC_C_LANGUAGE_STANDARD = gnu11;
				GCC_NO_COMMON_BLOCKS = YES;
				GCC_WARN_64_TO_32_BIT_CONVERSION = YES;
				GCC_WARN_ABOUT_RETURN_TYPE = YES_ERROR;
				GCC_WARN_UNDECLARED_SELECTOR = YES;
				GCC_WARN_UNINITIALIZED_AUTOS = YES_AGGRESSIVE;
				GCC_WARN_UNUSED_FUNCTION = YES;
				GCC_WARN_UNUSED_VARIABLE = YES;
				IPHONEOS_DEPLOYMENT_TARGET = 12.4;
				MTL_ENABLE_DEBUG_INFO = NO;
				MTL_FAST_MATH = YES;
				SDKROOT = iphoneos;
				SWIFT_COMPILATION_MODE = wholemodule;
				SWIFT_OPTIMIZATION_LEVEL = "-O";
				VALIDATE_PRODUCT = YES;
			};
			name = Release;
		};
		EFF8A46C24C14348005D5A0E /* Debug */ = {
			isa = XCBuildConfiguration;
			buildSettings = {
				ASSETCATALOG_COMPILER_APPICON_NAME = AppIcon;
				CODE_SIGN_STYLE = Automatic;
				DEVELOPMENT_TEAM = 6D2UCX5FZW;
				INFOPLIST_FILE = "New Years Countdown/Info.plist";
				LD_RUNPATH_SEARCH_PATHS = (
					"$(inherited)",
					"@executable_path/Frameworks",
				);
				PRODUCT_BUNDLE_IDENTIFIER = "com.dustykeyboard.New-Years-Countdown";
				PRODUCT_NAME = "$(TARGET_NAME)";
				SWIFT_VERSION = 5.0;
				TARGETED_DEVICE_FAMILY = "1,2";
			};
			name = Debug;
		};
		EFF8A46D24C14348005D5A0E /* Release */ = {
			isa = XCBuildConfiguration;
			buildSettings = {
				ASSETCATALOG_COMPILER_APPICON_NAME = AppIcon;
				CODE_SIGN_STYLE = Automatic;
				DEVELOPMENT_TEAM = 6D2UCX5FZW;
				INFOPLIST_FILE = "New Years Countdown/Info.plist";
				LD_RUNPATH_SEARCH_PATHS = (
					"$(inherited)",
					"@executable_path/Frameworks",
				);
				PRODUCT_BUNDLE_IDENTIFIER = "com.dustykeyboard.New-Years-Countdown";
				PRODUCT_NAME = "$(TARGET_NAME)";
				SWIFT_VERSION = 5.0;
				TARGETED_DEVICE_FAMILY = "1,2";
			};
			name = Release;
		};
		EFF8A46F24C14348005D5A0E /* Debug */ = {
			isa = XCBuildConfiguration;
			buildSettings = {
				ALWAYS_EMBED_SWIFT_STANDARD_LIBRARIES = YES;
				BUNDLE_LOADER = "$(TEST_HOST)";
				CODE_SIGN_STYLE = Automatic;
				DEVELOPMENT_TEAM = 6D2UCX5FZW;
				INFOPLIST_FILE = "New Years CountdownTests/Info.plist";
				IPHONEOS_DEPLOYMENT_TARGET = 13.6;
				LD_RUNPATH_SEARCH_PATHS = (
					"$(inherited)",
					"@executable_path/Frameworks",
					"@loader_path/Frameworks",
				);
				PRODUCT_BUNDLE_IDENTIFIER = "com.dustykeyboard.New-Years-CountdownTests";
				PRODUCT_NAME = "$(TARGET_NAME)";
				SWIFT_VERSION = 5.0;
				TARGETED_DEVICE_FAMILY = "1,2";
				TEST_HOST = "$(BUILT_PRODUCTS_DIR)/New Years Countdown.app/New Years Countdown";
			};
			name = Debug;
		};
		EFF8A47024C14348005D5A0E /* Release */ = {
			isa = XCBuildConfiguration;
			buildSettings = {
				ALWAYS_EMBED_SWIFT_STANDARD_LIBRARIES = YES;
				BUNDLE_LOADER = "$(TEST_HOST)";
				CODE_SIGN_STYLE = Automatic;
				DEVELOPMENT_TEAM = 6D2UCX5FZW;
				INFOPLIST_FILE = "New Years CountdownTests/Info.plist";
				IPHONEOS_DEPLOYMENT_TARGET = 13.6;
				LD_RUNPATH_SEARCH_PATHS = (
					"$(inherited)",
					"@executable_path/Frameworks",
					"@loader_path/Frameworks",
				);
				PRODUCT_BUNDLE_IDENTIFIER = "com.dustykeyboard.New-Years-CountdownTests";
				PRODUCT_NAME = "$(TARGET_NAME)";
				SWIFT_VERSION = 5.0;
				TARGETED_DEVICE_FAMILY = "1,2";
				TEST_HOST = "$(BUILT_PRODUCTS_DIR)/New Years Countdown.app/New Years Countdown";
			};
			name = Release;
		};
		EFF8A47224C14348005D5A0E /* Debug */ = {
			isa = XCBuildConfiguration;
			buildSettings = {
				ALWAYS_EMBED_SWIFT_STANDARD_LIBRARIES = YES;
				CLANG_ENABLE_MODULES = YES;
				CODE_SIGN_STYLE = Automatic;
				DEVELOPMENT_TEAM = 6D2UCX5FZW;
				INFOPLIST_FILE = "New Years CountdownUITests/Info.plist";
				LD_RUNPATH_SEARCH_PATHS = (
					"$(inherited)",
					"@executable_path/Frameworks",
					"@loader_path/Frameworks",
				);
				PRODUCT_BUNDLE_IDENTIFIER = "com.dustykeyboard.New-Years-CountdownUITests";
				PRODUCT_NAME = "$(TARGET_NAME)";
				SWIFT_OPTIMIZATION_LEVEL = "-Onone";
				SWIFT_VERSION = 5.0;
				TARGETED_DEVICE_FAMILY = "1,2";
				TEST_TARGET_NAME = "New Years Countdown";
			};
			name = Debug;
		};
		EFF8A47324C14348005D5A0E /* Release */ = {
			isa = XCBuildConfiguration;
			buildSettings = {
				ALWAYS_EMBED_SWIFT_STANDARD_LIBRARIES = YES;
				CLANG_ENABLE_MODULES = YES;
				CODE_SIGN_STYLE = Automatic;
				DEVELOPMENT_TEAM = 6D2UCX5FZW;
				INFOPLIST_FILE = "New Years CountdownUITests/Info.plist";
				LD_RUNPATH_SEARCH_PATHS = (
					"$(inherited)",
					"@executable_path/Frameworks",
					"@loader_path/Frameworks",
				);
				PRODUCT_BUNDLE_IDENTIFIER = "com.dustykeyboard.New-Years-CountdownUITests";
				PRODUCT_NAME = "$(TARGET_NAME)";
				SWIFT_VERSION = 5.0;
				TARGETED_DEVICE_FAMILY = "1,2";
				TEST_TARGET_NAME = "New Years Countdown";
			};
			name = Release;
		};
/* End XCBuildConfiguration section */

/* Begin XCConfigurationList section */
		EFF8A43C24C14346005D5A0E /* Build configuration list for PBXProject "New Years Countdown" */ = {
			isa = XCConfigurationList;
			buildConfigurations = (
				EFF8A46924C14348005D5A0E /* Debug */,
				EFF8A46A24C14348005D5A0E /* Release */,
			);
			defaultConfigurationIsVisible = 0;
			defaultConfigurationName = Release;
		};
		EFF8A46B24C14348005D5A0E /* Build configuration list for PBXNativeTarget "New Years Countdown" */ = {
			isa = XCConfigurationList;
			buildConfigurations = (
				EFF8A46C24C14348005D5A0E /* Debug */,
				EFF8A46D24C14348005D5A0E /* Release */,
			);
			defaultConfigurationIsVisible = 0;
			defaultConfigurationName = Release;
		};
		EFF8A46E24C14348005D5A0E /* Build configuration list for PBXNativeTarget "New Years CountdownTests" */ = {
			isa = XCConfigurationList;
			buildConfigurations = (
				EFF8A46F24C14348005D5A0E /* Debug */,
				EFF8A47024C14348005D5A0E /* Release */,
			);
			defaultConfigurationIsVisible = 0;
			defaultConfigurationName = Release;
		};
		EFF8A47124C14348005D5A0E /* Build configuration list for PBXNativeTarget "New Years CountdownUITests" */ = {
			isa = XCConfigurationList;
			buildConfigurations = (
				EFF8A47224C14348005D5A0E /* Debug */,
				EFF8A47324C14348005D5A0E /* Release */,
			);
			defaultConfigurationIsVisible = 0;
			defaultConfigurationName = Release;
		};
/* End XCConfigurationList section */
	};
	rootObject = EFF8A43924C14346005D5A0E /* Project object */;
}
